
Microsoft Visual Studio Solution File, Format Version 12.00
# Visual Studio Version 16
VisualStudioVersion = 16.0.30406.217
MinimumVisualStudioVersion = 10.0.40219.1
Project("{2150E333-8FDC-42A3-9474-1A3956D46DE8}") = "libs", "libs", "{C4061FB4-A754-4345-ACE3-B630C346B546}"
EndProject
Project("{2150E333-8FDC-42A3-9474-1A3956D46DE8}") = "nodes", "nodes", "{4151C0E8-B684-4DC4-964A-67C92C20529C}"
EndProject
Project("{2150E333-8FDC-42A3-9474-1A3956D46DE8}") = "common", "common", "{E191E5CA-472D-462A-B733-AFE87828B073}"
EndProject
Project("{9A19103F-16F7-4668-BE54-9A1E7A4F7556}") = "Algonia.Cs.Common", "common\Algonia.Cs.Common.csproj", "{FBAAA34F-5062-49EB-88D3-F3CBB7A9E2F3}"
EndProject
Project("{2150E333-8FDC-42A3-9474-1A3956D46DE8}") = "CsScriptCore", "CsScriptCore", "{A471E66E-6E08-4DFE-A86E-F53776C39B66}"
EndProject
Project("{2150E333-8FDC-42A3-9474-1A3956D46DE8}") = "CsScript", "CsScript", "{F8FC9846-D2C6-48C9-B8BA-373F0DE60892}"
EndProject
Project("{2150E333-8FDC-42A3-9474-1A3956D46DE8}") = "Debug", "Debug", "{C981EDF8-9C02-4D48-804B-204B90228EC7}"
EndProject
Project("{2150E333-8FDC-42A3-9474-1A3956D46DE8}") = "ElementActionCaller", "ElementActionCaller", "{E288494F-BC7D-437C-9CE1-AA9A079F3336}"
EndProject
Project("{2150E333-8FDC-42A3-9474-1A3956D46DE8}") = "ElementsExecuter", "ElementsExecuter", "{4DC9C392-5513-4597-8702-AADB3D2C57F7}"
EndProject
Project("{2150E333-8FDC-42A3-9474-1A3956D46DE8}") = "SqlServer", "SqlServer", "{9A67AED3-8510-4D71-AC27-EFC3FD0B313C}"
EndProject
Project("{9A19103F-16F7-4668-BE54-9A1E7A4F7556}") = "Algonia.Cs.ScriptCore", "libs\CsScriptCore\Algonia.Cs.ScriptCore.csproj", "{18EDF169-D921-4AC0-892A-3DF70200C253}"
EndProject
Project("{9A19103F-16F7-4668-BE54-9A1E7A4F7556}") = "Algonia.Cs.Node.Scripting", "nodes\CsScript\Algonia.Cs.Node.Scripting.csproj", "{C8628C01-8813-4872-B728-3012FE993624}"
EndProject
Project("{9A19103F-16F7-4668-BE54-9A1E7A4F7556}") = "Algonia.Cs.Node.Debug", "nodes\Debug\Algonia.Cs.Node.Debug.csproj", "{0B204D67-9CD8-40F0-BA02-9524DD77A3FE}"
EndProject
Project("{9A19103F-16F7-4668-BE54-9A1E7A4F7556}") = "Algonia.Cs.Node.ElementActionCaller", "nodes\ElementActionCaller\Algonia.Cs.Node.ElementActionCaller.csproj", "{CD0D92DE-1B64-4A69-9B4F-A08C16A7B932}"
EndProject
Project("{9A19103F-16F7-4668-BE54-9A1E7A4F7556}") = "Algonia.Cs.Node.ElementsExecuter", "nodes\ElementsExecuter\Algonia.Cs.Node.ElementsExecuter.csproj", "{D58B5C52-8BCF-49D7-9CD4-05FC28C8EA7B}"
EndProject
Project("{9A19103F-16F7-4668-BE54-9A1E7A4F7556}") = "Algonia.Cs.Node.SqlServer", "nodes\SqlServer\Algonia.Cs.Node.SqlServer.csproj", "{6C09DF8C-9860-4DD2-9177-5895E4DE09E0}"
EndProject
Global
	GlobalSection(SolutionConfigurationPlatforms) = preSolution
		Debug|Any CPU = Debug|Any CPU
		Debug|x64 = Debug|x64
		Develop|Any CPU = Develop|Any CPU
		Develop|x64 = Develop|x64
		Release|Any CPU = Release|Any CPU
		Release|x64 = Release|x64
	EndGlobalSection
	GlobalSection(ProjectConfigurationPlatforms) = postSolution
		{FBAAA34F-5062-49EB-88D3-F3CBB7A9E2F3}.Debug|Any CPU.ActiveCfg = Debug|Any CPU
		{FBAAA34F-5062-49EB-88D3-F3CBB7A9E2F3}.Debug|Any CPU.Build.0 = Debug|Any CPU
		{FBAAA34F-5062-49EB-88D3-F3CBB7A9E2F3}.Debug|x64.ActiveCfg = Debug|x64
		{FBAAA34F-5062-49EB-88D3-F3CBB7A9E2F3}.Debug|x64.Build.0 = Debug|x64
		{FBAAA34F-5062-49EB-88D3-F3CBB7A9E2F3}.Develop|Any CPU.ActiveCfg = Develop|Any CPU
		{FBAAA34F-5062-49EB-88D3-F3CBB7A9E2F3}.Develop|Any CPU.Build.0 = Develop|Any CPU
		{FBAAA34F-5062-49EB-88D3-F3CBB7A9E2F3}.Develop|x64.ActiveCfg = Develop|x64
		{FBAAA34F-5062-49EB-88D3-F3CBB7A9E2F3}.Develop|x64.Build.0 = Develop|x64
		{FBAAA34F-5062-49EB-88D3-F3CBB7A9E2F3}.Release|Any CPU.ActiveCfg = Release|Any CPU
		{FBAAA34F-5062-49EB-88D3-F3CBB7A9E2F3}.Release|Any CPU.Build.0 = Release|Any CPU
		{FBAAA34F-5062-49EB-88D3-F3CBB7A9E2F3}.Release|x64.ActiveCfg = Release|x64
		{FBAAA34F-5062-49EB-88D3-F3CBB7A9E2F3}.Release|x64.Build.0 = Release|x64
		{18EDF169-D921-4AC0-892A-3DF70200C253}.Debug|Any CPU.ActiveCfg = Debug|Any CPU
		{18EDF169-D921-4AC0-892A-3DF70200C253}.Debug|Any CPU.Build.0 = Debug|Any CPU
		{18EDF169-D921-4AC0-892A-3DF70200C253}.Debug|x64.ActiveCfg = Debug|x64
		{18EDF169-D921-4AC0-892A-3DF70200C253}.Debug|x64.Build.0 = Debug|x64
		{18EDF169-D921-4AC0-892A-3DF70200C253}.Develop|Any CPU.ActiveCfg = Develop|Any CPU
		{18EDF169-D921-4AC0-892A-3DF70200C253}.Develop|Any CPU.Build.0 = Develop|Any CPU
		{18EDF169-D921-4AC0-892A-3DF70200C253}.Develop|x64.ActiveCfg = Develop|x64
		{18EDF169-D921-4AC0-892A-3DF70200C253}.Develop|x64.Build.0 = Develop|x64
		{18EDF169-D921-4AC0-892A-3DF70200C253}.Release|Any CPU.ActiveCfg = Release|Any CPU
		{18EDF169-D921-4AC0-892A-3DF70200C253}.Release|Any CPU.Build.0 = Release|Any CPU
		{18EDF169-D921-4AC0-892A-3DF70200C253}.Release|x64.ActiveCfg = Release|x64
		{18EDF169-D921-4AC0-892A-3DF70200C253}.Release|x64.Build.0 = Release|x64
		{C8628C01-8813-4872-B728-3012FE993624}.Debug|Any CPU.ActiveCfg = Debug|Any CPU
		{C8628C01-8813-4872-B728-3012FE993624}.Debug|Any CPU.Build.0 = Debug|Any CPU
		{C8628C01-8813-4872-B728-3012FE993624}.Debug|x64.ActiveCfg = Debug|x64
		{C8628C01-8813-4872-B728-3012FE993624}.Debug|x64.Build.0 = Debug|x64
		{C8628C01-8813-4872-B728-3012FE993624}.Develop|Any CPU.ActiveCfg = Develop|Any CPU
		{C8628C01-8813-4872-B728-3012FE993624}.Develop|Any CPU.Build.0 = Develop|Any CPU
		{C8628C01-8813-4872-B728-3012FE993624}.Develop|x64.ActiveCfg = Develop|x64
		{C8628C01-8813-4872-B728-3012FE993624}.Develop|x64.Build.0 = Develop|x64
		{C8628C01-8813-4872-B728-3012FE993624}.Release|Any CPU.ActiveCfg = Release|Any CPU
		{C8628C01-8813-4872-B728-3012FE993624}.Release|Any CPU.Build.0 = Release|Any CPU
		{C8628C01-8813-4872-B728-3012FE993624}.Release|x64.ActiveCfg = Release|x64
		{C8628C01-8813-4872-B728-3012FE993624}.Release|x64.Build.0 = Release|x64
		{0B204D67-9CD8-40F0-BA02-9524DD77A3FE}.Debug|Any CPU.ActiveCfg = Debug|Any CPU
		{0B204D67-9CD8-40F0-BA02-9524DD77A3FE}.Debug|Any CPU.Build.0 = Debug|Any CPU
		{0B204D67-9CD8-40F0-BA02-9524DD77A3FE}.Debug|x64.ActiveCfg = Debug|x64
		{0B204D67-9CD8-40F0-BA02-9524DD77A3FE}.Debug|x64.Build.0 = Debug|x64
		{0B204D67-9CD8-40F0-BA02-9524DD77A3FE}.Develop|Any CPU.ActiveCfg = Develop|Any CPU
		{0B204D67-9CD8-40F0-BA02-9524DD77A3FE}.Develop|Any CPU.Build.0 = Develop|Any CPU
		{0B204D67-9CD8-40F0-BA02-9524DD77A3FE}.Develop|x64.ActiveCfg = Develop|x64
		{0B204D67-9CD8-40F0-BA02-9524DD77A3FE}.Develop|x64.Build.0 = Develop|x64
		{0B204D67-9CD8-40F0-BA02-9524DD77A3FE}.Release|Any CPU.ActiveCfg = Release|Any CPU
		{0B204D67-9CD8-40F0-BA02-9524DD77A3FE}.Release|Any CPU.Build.0 = Release|Any CPU
		{0B204D67-9CD8-40F0-BA02-9524DD77A3FE}.Release|x64.ActiveCfg = Release|x64
		{0B204D67-9CD8-40F0-BA02-9524DD77A3FE}.Release|x64.Build.0 = Release|x64
		{CD0D92DE-1B64-4A69-9B4F-A08C16A7B932}.Debug|Any CPU.ActiveCfg = Debug|Any CPU
		{CD0D92DE-1B64-4A69-9B4F-A08C16A7B932}.Debug|Any CPU.Build.0 = Debug|Any CPU
		{CD0D92DE-1B64-4A69-9B4F-A08C16A7B932}.Debug|x64.ActiveCfg = Debug|x64
		{CD0D92DE-1B64-4A69-9B4F-A08C16A7B932}.Debug|x64.Build.0 = Debug|x64
		{CD0D92DE-1B64-4A69-9B4F-A08C16A7B932}.Develop|Any CPU.ActiveCfg = Develop|Any CPU
		{CD0D92DE-1B64-4A69-9B4F-A08C16A7B932}.Develop|Any CPU.Build.0 = Develop|Any CPU
		{CD0D92DE-1B64-4A69-9B4F-A08C16A7B932}.Develop|x64.ActiveCfg = Develop|x64
		{CD0D92DE-1B64-4A69-9B4F-A08C16A7B932}.Develop|x64.Build.0 = Develop|x64
		{CD0D92DE-1B64-4A69-9B4F-A08C16A7B932}.Release|Any CPU.ActiveCfg = Release|Any CPU
		{CD0D92DE-1B64-4A69-9B4F-A08C16A7B932}.Release|Any CPU.Build.0 = Release|Any CPU
		{CD0D92DE-1B64-4A69-9B4F-A08C16A7B932}.Release|x64.ActiveCfg = Release|x64
		{CD0D92DE-1B64-4A69-9B4F-A08C16A7B932}.Release|x64.Build.0 = Release|x64
		{D58B5C52-8BCF-49D7-9CD4-05FC28C8EA7B}.Debug|Any CPU.ActiveCfg = Debug|Any CPU
		{D58B5C52-8BCF-49D7-9CD4-05FC28C8EA7B}.Debug|Any CPU.Build.0 = Debug|Any CPU
		{D58B5C52-8BCF-49D7-9CD4-05FC28C8EA7B}.Debug|x64.ActiveCfg = Debug|x64
		{D58B5C52-8BCF-49D7-9CD4-05FC28C8EA7B}.Debug|x64.Build.0 = Debug|x64
		{D58B5C52-8BCF-49D7-9CD4-05FC28C8EA7B}.Develop|Any CPU.ActiveCfg = Develop|Any CPU
		{D58B5C52-8BCF-49D7-9CD4-05FC28C8EA7B}.Develop|Any CPU.Build.0 = Develop|Any CPU
		{D58B5C52-8BCF-49D7-9CD4-05FC28C8EA7B}.Develop|x64.ActiveCfg = Develop|x64
		{D58B5C52-8BCF-49D7-9CD4-05FC28C8EA7B}.Develop|x64.Build.0 = Develop|x64
		{D58B5C52-8BCF-49D7-9CD4-05FC28C8EA7B}.Release|Any CPU.ActiveCfg = Release|Any CPU
		{D58B5C52-8BCF-49D7-9CD4-05FC28C8EA7B}.Release|Any CPU.Build.0 = Release|Any CPU
		{D58B5C52-8BCF-49D7-9CD4-05FC28C8EA7B}.Release|x64.ActiveCfg = Release|x64
		{D58B5C52-8BCF-49D7-9CD4-05FC28C8EA7B}.Release|x64.Build.0 = Release|x64
		{6C09DF8C-9860-4DD2-9177-5895E4DE09E0}.Debug|Any CPU.ActiveCfg = Debug|Any CPU
		{6C09DF8C-9860-4DD2-9177-5895E4DE09E0}.Debug|Any CPU.Build.0 = Debug|Any CPU
		{6C09DF8C-9860-4DD2-9177-5895E4DE09E0}.Debug|x64.ActiveCfg = Debug|x64
		{6C09DF8C-9860-4DD2-9177-5895E4DE09E0}.Debug|x64.Build.0 = Debug|x64
		{6C09DF8C-9860-4DD2-9177-5895E4DE09E0}.Develop|Any CPU.ActiveCfg = Develop|Any CPU
		{6C09DF8C-9860-4DD2-9177-5895E4DE09E0}.Develop|Any CPU.Build.0 = Develop|Any CPU
		{6C09DF8C-9860-4DD2-9177-5895E4DE09E0}.Develop|x64.ActiveCfg = Develop|x64
		{6C09DF8C-9860-4DD2-9177-5895E4DE09E0}.Develop|x64.Build.0 = Develop|x64
		{6C09DF8C-9860-4DD2-9177-5895E4DE09E0}.Release|Any CPU.ActiveCfg = Release|Any CPU
		{6C09DF8C-9860-4DD2-9177-5895E4DE09E0}.Release|Any CPU.Build.0 = Release|Any CPU
		{6C09DF8C-9860-4DD2-9177-5895E4DE09E0}.Release|x64.ActiveCfg = Release|x64
		{6C09DF8C-9860-4DD2-9177-5895E4DE09E0}.Release|x64.Build.0 = Release|x64
	EndGlobalSection
	GlobalSection(SolutionProperties) = preSolution
		HideSolutionNode = FALSE
	EndGlobalSection
	GlobalSection(NestedProjects) = preSolution
		{FBAAA34F-5062-49EB-88D3-F3CBB7A9E2F3} = {E191E5CA-472D-462A-B733-AFE87828B073}
		{A471E66E-6E08-4DFE-A86E-F53776C39B66} = {C4061FB4-A754-4345-ACE3-B630C346B546}
		{F8FC9846-D2C6-48C9-B8BA-373F0DE60892} = {4151C0E8-B684-4DC4-964A-67C92C20529C}
		{C981EDF8-9C02-4D48-804B-204B90228EC7} = {4151C0E8-B684-4DC4-964A-67C92C20529C}
		{E288494F-BC7D-437C-9CE1-AA9A079F3336} = {4151C0E8-B684-4DC4-964A-67C92C20529C}
		{4DC9C392-5513-4597-8702-AADB3D2C57F7} = {4151C0E8-B684-4DC4-964A-67C92C20529C}
		{9A67AED3-8510-4D71-AC27-EFC3FD0B313C} = {4151C0E8-B684-4DC4-964A-67C92C20529C}
		{18EDF169-D921-4AC0-892A-3DF70200C253} = {A471E66E-6E08-4DFE-A86E-F53776C39B66}
		{C8628C01-8813-4872-B728-3012FE993624} = {F8FC9846-D2C6-48C9-B8BA-373F0DE60892}
		{0B204D67-9CD8-40F0-BA02-9524DD77A3FE} = {C981EDF8-9C02-4D48-804B-204B90228EC7}
		{CD0D92DE-1B64-4A69-9B4F-A08C16A7B932} = {E288494F-BC7D-437C-9CE1-AA9A079F3336}
		{D58B5C52-8BCF-49D7-9CD4-05FC28C8EA7B} = {4DC9C392-5513-4597-8702-AADB3D2C57F7}
		{6C09DF8C-9860-4DD2-9177-5895E4DE09E0} = {9A67AED3-8510-4D71-AC27-EFC3FD0B313C}
	EndGlobalSection
	GlobalSection(ExtensibilityGlobals) = postSolution
		SolutionGuid = {5C5393B8-1F8E-4304-B7C8-C67E8F84E4F0}
	EndGlobalSection
EndGlobal
